// !$*UTF8*$!
{
	archiveVersion = 1;
	classes = {
	};
	objectVersion = 46;
	objects = {

/* Begin PBXBuildFile section */
		AA35E0FA1921BFB7000B77CD /* Foundation.framework in Frameworks */ = {isa = PBXBuildFile; fileRef = AA35E0F91921BFB7000B77CD /* Foundation.framework */; };
		AA35E0FC1921BFB7000B77CD /* CoreGraphics.framework in Frameworks */ = {isa = PBXBuildFile; fileRef = AA35E0FB1921BFB7000B77CD /* CoreGraphics.framework */; };
		AA35E0FE1921BFB7000B77CD /* UIKit.framework in Frameworks */ = {isa = PBXBuildFile; fileRef = AA35E0FD1921BFB7000B77CD /* UIKit.framework */; };
		AA35E1041921BFB7000B77CD /* InfoPlist.strings in Resources */ = {isa = PBXBuildFile; fileRef = AA35E1021921BFB7000B77CD /* InfoPlist.strings */; };
		AA35E1061921BFB7000B77CD /* main.m in Sources */ = {isa = PBXBuildFile; fileRef = AA35E1051921BFB7000B77CD /* main.m */; };
		AA35E10A1921BFB7000B77CD /* AppDelegate.m in Sources */ = {isa = PBXBuildFile; fileRef = AA35E1091921BFB7000B77CD /* AppDelegate.m */; };
		AA35E10D1921BFB7000B77CD /* Main.storyboard in Resources */ = {isa = PBXBuildFile; fileRef = AA35E10B1921BFB7000B77CD /* Main.storyboard */; };
		AA35E1101921BFB7000B77CD /* FirstViewController.m in Sources */ = {isa = PBXBuildFile; fileRef = AA35E10F1921BFB7000B77CD /* FirstViewController.m */; };
		AA35E1131921BFB7000B77CD /* SecondViewController.m in Sources */ = {isa = PBXBuildFile; fileRef = AA35E1121921BFB7000B77CD /* SecondViewController.m */; };
		AA35E1151921BFB7000B77CD /* Images.xcassets in Resources */ = {isa = PBXBuildFile; fileRef = AA35E1141921BFB7000B77CD /* Images.xcassets */; };
		AA35E11C1921BFB7000B77CD /* XCTest.framework in Frameworks */ = {isa = PBXBuildFile; fileRef = AA35E11B1921BFB7000B77CD /* XCTest.framework */; };
		AA35E11D1921BFB7000B77CD /* Foundation.framework in Frameworks */ = {isa = PBXBuildFile; fileRef = AA35E0F91921BFB7000B77CD /* Foundation.framework */; };
		AA35E11E1921BFB7000B77CD /* UIKit.framework in Frameworks */ = {isa = PBXBuildFile; fileRef = AA35E0FD1921BFB7000B77CD /* UIKit.framework */; };
		AA35E1261921BFB8000B77CD /* InfoPlist.strings in Resources */ = {isa = PBXBuildFile; fileRef = AA35E1241921BFB8000B77CD /* InfoPlist.strings */; };
		AA35E1281921BFB8000B77CD /* AzureMobilePushTests.m in Sources */ = {isa = PBXBuildFile; fileRef = AA35E1271921BFB8000B77CD /* AzureMobilePushTests.m */; };
		AAFFB26D1921FF6E0036D5F3 /* WindowsAzureMessaging.framework in Frameworks */ = {isa = PBXBuildFile; fileRef = AAFFB26C1921FF6E0036D5F3 /* WindowsAzureMessaging.framework */; };
		AAFFB26E1922011F0036D5F3 /* WindowsAzureMessaging.framework in Frameworks */ = {isa = PBXBuildFile; fileRef = AAFFB26C1921FF6E0036D5F3 /* WindowsAzureMessaging.framework */; };
/* End PBXBuildFile section */

/* Begin PBXContainerItemProxy section */
		AA35E11F1921BFB8000B77CD /* PBXContainerItemProxy */ = {
			isa = PBXContainerItemProxy;
			containerPortal = AA35E0EE1921BFB7000B77CD /* Project object */;
			proxyType = 1;
			remoteGlobalIDString = AA35E0F51921BFB7000B77CD;
			remoteInfo = AzureMobilePush;
		};
/* End PBXContainerItemProxy section */

/* Begin PBXFileReference section */
		AA35E0F61921BFB7000B77CD /* AzureMobilePush.app */ = {isa = PBXFileReference; explicitFileType = wrapper.application; includeInIndex = 0; path = AzureMobilePush.app; sourceTree = BUILT_PRODUCTS_DIR; };
		AA35E0F91921BFB7000B77CD /* Foundation.framework */ = {isa = PBXFileReference; lastKnownFileType = wrapper.framework; name = Foundation.framework; path = System/Library/Frameworks/Foundation.framework; sourceTree = SDKROOT; };
		AA35E0FB1921BFB7000B77CD /* CoreGraphics.framework */ = {isa = PBXFileReference; lastKnownFileType = wrapper.framework; name = CoreGraphics.framework; path = System/Library/Frameworks/CoreGraphics.framework; sourceTree = SDKROOT; };
		AA35E0FD1921BFB7000B77CD /* UIKit.framework */ = {isa = PBXFileReference; lastKnownFileType = wrapper.framework; name = UIKit.framework; path = System/Library/Frameworks/UIKit.framework; sourceTree = SDKROOT; };
		AA35E1011921BFB7000B77CD /* AzureMobilePush-Info.plist */ = {isa = PBXFileReference; lastKnownFileType = text.plist.xml; path = "AzureMobilePush-Info.plist"; sourceTree = "<group>"; };
		AA35E1031921BFB7000B77CD /* en */ = {isa = PBXFileReference; lastKnownFileType = text.plist.strings; name = en; path = en.lproj/InfoPlist.strings; sourceTree = "<group>"; };
		AA35E1051921BFB7000B77CD /* main.m */ = {isa = PBXFileReference; lastKnownFileType = sourcecode.c.objc; path = main.m; sourceTree = "<group>"; };
		AA35E1071921BFB7000B77CD /* AzureMobilePush-Prefix.pch */ = {isa = PBXFileReference; lastKnownFileType = sourcecode.c.h; path = "AzureMobilePush-Prefix.pch"; sourceTree = "<group>"; };
		AA35E1081921BFB7000B77CD /* AppDelegate.h */ = {isa = PBXFileReference; lastKnownFileType = sourcecode.c.h; path = AppDelegate.h; sourceTree = "<group>"; };
		AA35E1091921BFB7000B77CD /* AppDelegate.m */ = {isa = PBXFileReference; lastKnownFileType = sourcecode.c.objc; path = AppDelegate.m; sourceTree = "<group>"; };
		AA35E10C1921BFB7000B77CD /* Base */ = {isa = PBXFileReference; lastKnownFileType = file.storyboard; name = Base; path = Base.lproj/Main.storyboard; sourceTree = "<group>"; };
		AA35E10E1921BFB7000B77CD /* FirstViewController.h */ = {isa = PBXFileReference; lastKnownFileType = sourcecode.c.h; path = FirstViewController.h; sourceTree = "<group>"; };
		AA35E10F1921BFB7000B77CD /* FirstViewController.m */ = {isa = PBXFileReference; lastKnownFileType = sourcecode.c.objc; path = FirstViewController.m; sourceTree = "<group>"; };
		AA35E1111921BFB7000B77CD /* SecondViewController.h */ = {isa = PBXFileReference; lastKnownFileType = sourcecode.c.h; path = SecondViewController.h; sourceTree = "<group>"; };
		AA35E1121921BFB7000B77CD /* SecondViewController.m */ = {isa = PBXFileReference; lastKnownFileType = sourcecode.c.objc; path = SecondViewController.m; sourceTree = "<group>"; };
		AA35E1141921BFB7000B77CD /* Images.xcassets */ = {isa = PBXFileReference; lastKnownFileType = folder.assetcatalog; path = Images.xcassets; sourceTree = "<group>"; };
		AA35E11A1921BFB7000B77CD /* AzureMobilePushTests.xctest */ = {isa = PBXFileReference; explicitFileType = wrapper.cfbundle; includeInIndex = 0; path = AzureMobilePushTests.xctest; sourceTree = BUILT_PRODUCTS_DIR; };
		AA35E11B1921BFB7000B77CD /* XCTest.framework */ = {isa = PBXFileReference; lastKnownFileType = wrapper.framework; name = XCTest.framework; path = Library/Frameworks/XCTest.framework; sourceTree = DEVELOPER_DIR; };
		AA35E1231921BFB8000B77CD /* AzureMobilePushTests-Info.plist */ = {isa = PBXFileReference; lastKnownFileType = text.plist.xml; path = "AzureMobilePushTests-Info.plist"; sourceTree = "<group>"; };
		AA35E1251921BFB8000B77CD /* en */ = {isa = PBXFileReference; lastKnownFileType = text.plist.strings; name = en; path = en.lproj/InfoPlist.strings; sourceTree = "<group>"; };
		AA35E1271921BFB8000B77CD /* AzureMobilePushTests.m */ = {isa = PBXFileReference; lastKnownFileType = sourcecode.c.objc; path = AzureMobilePushTests.m; sourceTree = "<group>"; };
		AAFFB26C1921FF6E0036D5F3 /* WindowsAzureMessaging.framework */ = {isa = PBXFileReference; lastKnownFileType = wrapper.framework; path = WindowsAzureMessaging.framework; sourceTree = "<group>"; };
/* End PBXFileReference section */

/* Begin PBXFrameworksBuildPhase section */
		AA35E0F31921BFB7000B77CD /* Frameworks */ = {
			isa = PBXFrameworksBuildPhase;
			buildActionMask = 2147483647;
			files = (
				AAFFB26E1922011F0036D5F3 /* WindowsAzureMessaging.framework in Frameworks */,
				AA35E0FC1921BFB7000B77CD /* CoreGraphics.framework in Frameworks */,
				AA35E0FE1921BFB7000B77CD /* UIKit.framework in Frameworks */,
				AA35E0FA1921BFB7000B77CD /* Foundation.framework in Frameworks */,
			);
			runOnlyForDeploymentPostprocessing = 0;
		};
		AA35E1171921BFB7000B77CD /* Frameworks */ = {
			isa = PBXFrameworksBuildPhase;
			buildActionMask = 2147483647;
			files = (
				AA35E11C1921BFB7000B77CD /* XCTest.framework in Frameworks */,
				AA35E11E1921BFB7000B77CD /* UIKit.framework in Frameworks */,
				AA35E11D1921BFB7000B77CD /* Foundation.framework in Frameworks */,
				AAFFB26D1921FF6E0036D5F3 /* WindowsAzureMessaging.framework in Frameworks */,
			);
			runOnlyForDeploymentPostprocessing = 0;
		};
/* End PBXFrameworksBuildPhase section */

/* Begin PBXGroup section */
		AA35E0ED1921BFB7000B77CD = {
			isa = PBXGroup;
			children = (
				AA35E0FF1921BFB7000B77CD /* AzureMobilePush */,
				AA35E1211921BFB8000B77CD /* AzureMobilePushTests */,
				AA35E0F81921BFB7000B77CD /* Frameworks */,
				AA35E0F71921BFB7000B77CD /* Products */,
			);
			sourceTree = "<group>";
		};
		AA35E0F71921BFB7000B77CD /* Products */ = {
			isa = PBXGroup;
			children = (
				AA35E0F61921BFB7000B77CD /* AzureMobilePush.app */,
				AA35E11A1921BFB7000B77CD /* AzureMobilePushTests.xctest */,
			);
			name = Products;
			sourceTree = "<group>";
		};
		AA35E0F81921BFB7000B77CD /* Frameworks */ = {
			isa = PBXGroup;
			children = (
				AAFFB26C1921FF6E0036D5F3 /* WindowsAzureMessaging.framework */,
				AA35E0F91921BFB7000B77CD /* Foundation.framework */,
				AA35E0FB1921BFB7000B77CD /* CoreGraphics.framework */,
				AA35E0FD1921BFB7000B77CD /* UIKit.framework */,
				AA35E11B1921BFB7000B77CD /* XCTest.framework */,
			);
			name = Frameworks;
			sourceTree = "<group>";
		};
		AA35E0FF1921BFB7000B77CD /* AzureMobilePush */ = {
			isa = PBXGroup;
			children = (
				AA35E1081921BFB7000B77CD /* AppDelegate.h */,
				AA35E1091921BFB7000B77CD /* AppDelegate.m */,
				AA35E10B1921BFB7000B77CD /* Main.storyboard */,
				AA35E10E1921BFB7000B77CD /* FirstViewController.h */,
				AA35E10F1921BFB7000B77CD /* FirstViewController.m */,
				AA35E1111921BFB7000B77CD /* SecondViewController.h */,
				AA35E1121921BFB7000B77CD /* SecondViewController.m */,
				AA35E1141921BFB7000B77CD /* Images.xcassets */,
				AA35E1001921BFB7000B77CD /* Supporting Files */,
			);
			path = AzureMobilePush;
			sourceTree = "<group>";
		};
		AA35E1001921BFB7000B77CD /* Supporting Files */ = {
			isa = PBXGroup;
			children = (
				AA35E1011921BFB7000B77CD /* AzureMobilePush-Info.plist */,
				AA35E1021921BFB7000B77CD /* InfoPlist.strings */,
				AA35E1051921BFB7000B77CD /* main.m */,
				AA35E1071921BFB7000B77CD /* AzureMobilePush-Prefix.pch */,
			);
			name = "Supporting Files";
			sourceTree = "<group>";
		};
		AA35E1211921BFB8000B77CD /* AzureMobilePushTests */ = {
			isa = PBXGroup;
			children = (
				AA35E1271921BFB8000B77CD /* AzureMobilePushTests.m */,
				AA35E1221921BFB8000B77CD /* Supporting Files */,
			);
			path = AzureMobilePushTests;
			sourceTree = "<group>";
		};
		AA35E1221921BFB8000B77CD /* Supporting Files */ = {
			isa = PBXGroup;
			children = (
				AA35E1231921BFB8000B77CD /* AzureMobilePushTests-Info.plist */,
				AA35E1241921BFB8000B77CD /* InfoPlist.strings */,
			);
			name = "Supporting Files";
			sourceTree = "<group>";
		};
/* End PBXGroup section */

/* Begin PBXNativeTarget section */
		AA35E0F51921BFB7000B77CD /* AzureMobilePush */ = {
			isa = PBXNativeTarget;
			buildConfigurationList = AA35E12B1921BFB8000B77CD /* Build configuration list for PBXNativeTarget "AzureMobilePush" */;
			buildPhases = (
				AA35E0F21921BFB7000B77CD /* Sources */,
				AA35E0F31921BFB7000B77CD /* Frameworks */,
				AA35E0F41921BFB7000B77CD /* Resources */,
			);
			buildRules = (
			);
			dependencies = (
			);
			name = AzureMobilePush;
			productName = AzureMobilePush;
			productReference = AA35E0F61921BFB7000B77CD /* AzureMobilePush.app */;
			productType = "com.apple.product-type.application";
		};
		AA35E1191921BFB7000B77CD /* AzureMobilePushTests */ = {
			isa = PBXNativeTarget;
			buildConfigurationList = AA35E12E1921BFB8000B77CD /* Build configuration list for PBXNativeTarget "AzureMobilePushTests" */;
			buildPhases = (
				AA35E1161921BFB7000B77CD /* Sources */,
				AA35E1171921BFB7000B77CD /* Frameworks */,
				AA35E1181921BFB7000B77CD /* Resources */,
			);
			buildRules = (
			);
			dependencies = (
				AA35E1201921BFB8000B77CD /* PBXTargetDependency */,
			);
			name = AzureMobilePushTests;
			productName = AzureMobilePushTests;
			productReference = AA35E11A1921BFB7000B77CD /* AzureMobilePushTests.xctest */;
			productType = "com.apple.product-type.bundle.unit-test";
		};
/* End PBXNativeTarget section */

/* Begin PBXProject section */
		AA35E0EE1921BFB7000B77CD /* Project object */ = {
			isa = PBXProject;
			attributes = {
				LastUpgradeCheck = 0510;
				ORGANIZATIONNAME = "Steven Edouard";
				TargetAttributes = {
					AA35E0F51921BFB7000B77CD = {
						DevelopmentTeam = XD6R76DJZL;
					};
					AA35E1191921BFB7000B77CD = {
						TestTargetID = AA35E0F51921BFB7000B77CD;
					};
				};
			};
			buildConfigurationList = AA35E0F11921BFB7000B77CD /* Build configuration list for PBXProject "AzureMobilePush" */;
			compatibilityVersion = "Xcode 3.2";
			developmentRegion = English;
			hasScannedForEncodings = 0;
			knownRegions = (
				en,
				Base,
			);
			mainGroup = AA35E0ED1921BFB7000B77CD;
			productRefGroup = AA35E0F71921BFB7000B77CD /* Products */;
			projectDirPath = "";
			projectRoot = "";
			targets = (
				AA35E0F51921BFB7000B77CD /* AzureMobilePush */,
				AA35E1191921BFB7000B77CD /* AzureMobilePushTests */,
			);
		};
/* End PBXProject section */

/* Begin PBXResourcesBuildPhase section */
		AA35E0F41921BFB7000B77CD /* Resources */ = {
			isa = PBXResourcesBuildPhase;
			buildActionMask = 2147483647;
			files = (
				AA35E1151921BFB7000B77CD /* Images.xcassets in Resources */,
				AA35E1041921BFB7000B77CD /* InfoPlist.strings in Resources */,
				AA35E10D1921BFB7000B77CD /* Main.storyboard in Resources */,
			);
			runOnlyForDeploymentPostprocessing = 0;
		};
		AA35E1181921BFB7000B77CD /* Resources */ = {
			isa = PBXResourcesBuildPhase;
			buildActionMask = 2147483647;
			files = (
				AA35E1261921BFB8000B77CD /* InfoPlist.strings in Resources */,
			);
			runOnlyForDeploymentPostprocessing = 0;
		};
/* End PBXResourcesBuildPhase section */

/* Begin PBXSourcesBuildPhase section */
		AA35E0F21921BFB7000B77CD /* Sources */ = {
			isa = PBXSourcesBuildPhase;
			buildActionMask = 2147483647;
			files = (
				AA35E1131921BFB7000B77CD /* SecondViewController.m in Sources */,
				AA35E10A1921BFB7000B77CD /* AppDelegate.m in Sources */,
				AA35E1101921BFB7000B77CD /* FirstViewController.m in Sources */,
				AA35E1061921BFB7000B77CD /* main.m in Sources */,
			);
			runOnlyForDeploymentPostprocessing = 0;
		};
		AA35E1161921BFB7000B77CD /* Sources */ = {
			isa = PBXSourcesBuildPhase;
			buildActionMask = 2147483647;
			files = (
				AA35E1281921BFB8000B77CD /* AzureMobilePushTests.m in Sources */,
			);
			runOnlyForDeploymentPostprocessing = 0;
		};
/* End PBXSourcesBuildPhase section */

/* Begin PBXTargetDependency section */
		AA35E1201921BFB8000B77CD /* PBXTargetDependency */ = {
			isa = PBXTargetDependency;
			target = AA35E0F51921BFB7000B77CD /* AzureMobilePush */;
			targetProxy = AA35E11F1921BFB8000B77CD /* PBXContainerItemProxy */;
		};
/* End PBXTargetDependency section */

/* Begin PBXVariantGroup section */
		AA35E1021921BFB7000B77CD /* InfoPlist.strings */ = {
			isa = PBXVariantGroup;
			children = (
				AA35E1031921BFB7000B77CD /* en */,
			);
			name = InfoPlist.strings;
			sourceTree = "<group>";
		};
		AA35E10B1921BFB7000B77CD /* Main.storyboard */ = {
			isa = PBXVariantGroup;
			children = (
				AA35E10C1921BFB7000B77CD /* Base */,
			);
			name = Main.storyboard;
			sourceTree = "<group>";
		};
		AA35E1241921BFB8000B77CD /* InfoPlist.strings */ = {
			isa = PBXVariantGroup;
			children = (
				AA35E1251921BFB8000B77CD /* en */,
			);
			name = InfoPlist.strings;
			sourceTree = "<group>";
		};
/* End PBXVariantGroup section */

/* Begin XCBuildConfiguration section */
		AA35E1291921BFB8000B77CD /* Debug */ = {
			isa = XCBuildConfiguration;
			buildSettings = {
				ALWAYS_SEARCH_USER_PATHS = NO;
				CLANG_CXX_LANGUAGE_STANDARD = "gnu++0x";
				CLANG_CXX_LIBRARY = "libc++";
				CLANG_ENABLE_MODULES = YES;
				CLANG_ENABLE_OBJC_ARC = YES;
				CLANG_WARN_BOOL_CONVERSION = YES;
				CLANG_WARN_CONSTANT_CONVERSION = YES;
				CLANG_WARN_DIRECT_OBJC_ISA_USAGE = YES_ERROR;
				CLANG_WARN_EMPTY_BODY = YES;
				CLANG_WARN_ENUM_CONVERSION = YES;
				CLANG_WARN_INT_CONVERSION = YES;
				CLANG_WARN_OBJC_ROOT_CLASS = YES_ERROR;
				CLANG_WARN__DUPLICATE_METHOD_MATCH = YES;
				"CODE_SIGN_IDENTITY[sdk=iphoneos*]" = "iPhone Developer";
				COPY_PHASE_STRIP = NO;
				GCC_C_LANGUAGE_STANDARD = gnu99;
				GCC_DYNAMIC_NO_PIC = NO;
				GCC_OPTIMIZATION_LEVEL = 0;
				GCC_PREPROCESSOR_DEFINITIONS = (
					"DEBUG=1",
					"$(inherited)",
				);
				GCC_SYMBOLS_PRIVATE_EXTERN = NO;
				GCC_WARN_64_TO_32_BIT_CONVERSION = YES;
				GCC_WARN_ABOUT_RETURN_TYPE = YES_ERROR;
				GCC_WARN_UNDECLARED_SELECTOR = YES;
				GCC_WARN_UNINITIALIZED_AUTOS = YES_AGGRESSIVE;
				GCC_WARN_UNUSED_FUNCTION = YES;
				GCC_WARN_UNUSED_VARIABLE = YES;
				IPHONEOS_DEPLOYMENT_TARGET = 7.1;
				ONLY_ACTIVE_ARCH = YES;
				SDKROOT = iphoneos;
			};
			name = Debug;
		};
		AA35E12A1921BFB8000B77CD /* Release */ = {
			isa = XCBuildConfiguration;
			buildSettings = {
				ALWAYS_SEARCH_USER_PATHS = NO;
				CLANG_CXX_LANGUAGE_STANDARD = "gnu++0x";
				CLANG_CXX_LIBRARY = "libc++";
				CLANG_ENABLE_MODULES = YES;
				CLANG_ENABLE_OBJC_ARC = YES;
				CLANG_WARN_BOOL_CONVERSION = YES;
				CLANG_WARN_CONSTANT_CONVERSION = YES;
				CLANG_WARN_DIRECT_OBJC_ISA_USAGE = YES_ERROR;
				CLANG_WARN_EMPTY_BODY = YES;
				CLANG_WARN_ENUM_CONVERSION = YES;
				CLANG_WARN_INT_CONVERSION = YES;
				CLANG_WARN_OBJC_ROOT_CLASS = YES_ERROR;
				CLANG_WARN__DUPLICATE_METHOD_MATCH = YES;
				"CODE_SIGN_IDENTITY[sdk=iphoneos*]" = "iPhone Developer";
				COPY_PHASE_STRIP = YES;
				ENABLE_NS_ASSERTIONS = NO;
				GCC_C_LANGUAGE_STANDARD = gnu99;
				GCC_WARN_64_TO_32_BIT_CONVERSION = YES;
				GCC_WARN_ABOUT_RETURN_TYPE = YES_ERROR;
				GCC_WARN_UNDECLARED_SELECTOR = YES;
				GCC_WARN_UNINITIALIZED_AUTOS = YES_AGGRESSIVE;
				GCC_WARN_UNUSED_FUNCTION = YES;
				GCC_WARN_UNUSED_VARIABLE = YES;
				IPHONEOS_DEPLOYMENT_TARGET = 7.1;
				SDKROOT = iphoneos;
				VALIDATE_PRODUCT = YES;
			};
			name = Release;
		};
		AA35E12C1921BFB8000B77CD /* Debug */ = {
			isa = XCBuildConfiguration;
			buildSettings = {
				ASSETCATALOG_COMPILER_APPICON_NAME = AppIcon;
				ASSETCATALOG_COMPILER_LAUNCHIMAGE_NAME = LaunchImage;
				CODE_SIGN_IDENTITY = "iPhone Developer: Wesley Edouard (392N297FT4)";
				"CODE_SIGN_IDENTITY[sdk=iphoneos*]" = "iPhone Developer: Wesley Edouard (392N297FT4)";
				FRAMEWORK_SEARCH_PATHS = (
					"$(inherited)",
					"$(PROJECT_DIR)",
				);
				GCC_PRECOMPILE_PREFIX_HEADER = YES;
				GCC_PREFIX_HEADER = "AzureMobilePush/AzureMobilePush-Prefix.pch";
				INFOPLIST_FILE = "AzureMobilePush/AzureMobilePush-Info.plist";
				PRODUCT_NAME = "$(TARGET_NAME)";
				PROVISIONING_PROFILE = "4C4343D4-D26C-48A9-8F97-6BB8DF3C1699";
				SDKROOT = iphoneos;
				WRAPPER_EXTENSION = app;
			};
			name = Debug;
		};
		AA35E12D1921BFB8000B77CD /* Release */ = {
			isa = XCBuildConfiguration;
			buildSettings = {
				ASSETCATALOG_COMPILER_APPICON_NAME = AppIcon;
				ASSETCATALOG_COMPILER_LAUNCHIMAGE_NAME = LaunchImage;
				CODE_SIGN_IDENTITY = "iPhone Developer: Wesley Edouard (392N297FT4)";
				"CODE_SIGN_IDENTITY[sdk=iphoneos*]" = "iPhone Developer: Wesley Edouard (392N297FT4)";
				FRAMEWORK_SEARCH_PATHS = (
					"$(inherited)",
					"$(PROJECT_DIR)",
				);
				GCC_PRECOMPILE_PREFIX_HEADER = YES;
				GCC_PREFIX_HEADER = "AzureMobilePush/AzureMobilePush-Prefix.pch";
				INFOPLIST_FILE = "AzureMobilePush/AzureMobilePush-Info.plist";
				PRODUCT_NAME = "$(TARGET_NAME)";
				PROVISIONING_PROFILE = "4C4343D4-D26C-48A9-8F97-6BB8DF3C1699";
				SDKROOT = iphoneos;
				WRAPPER_EXTENSION = app;
			};
			name = Release;
		};
		AA35E12F1921BFB8000B77CD /* Debug */ = {
			isa = XCBuildConfiguration;
			buildSettings = {
				BUNDLE_LOADER = "$(BUILT_PRODUCTS_DIR)/AzureMobilePush.app/AzureMobilePush";
				FRAMEWORK_SEARCH_PATHS = (
					"$(SDKROOT)/Developer/Library/Frameworks",
					"$(inherited)",
					"$(DEVELOPER_FRAMEWORKS_DIR)",
					"$(PROJECT_DIR)/AzureMobilePushTests",
					"$(PROJECT_DIR)",
				);
				GCC_PRECOMPILE_PREFIX_HEADER = YES;
				GCC_PREFIX_HEADER = "AzureMobilePush/AzureMobilePush-Prefix.pch";
				GCC_PREPROCESSOR_DEFINITIONS = (
					"DEBUG=1",
					"$(inherited)",
				);
				INFOPLIST_FILE = "AzureMobilePushTests/AzureMobilePushTests-Info.plist";
				PRODUCT_NAME = "$(TARGET_NAME)";
				TEST_HOST = "$(BUNDLE_LOADER)";
				WRAPPER_EXTENSION = xctest;
			};
			name = Debug;
		};
		AA35E1301921BFB8000B77CD /* Release */ = {
			isa = XCBuildConfiguration;
			buildSettings = {
				BUNDLE_LOADER = "$(BUILT_PRODUCTS_DIR)/AzureMobilePush.app/AzureMobilePush";
				FRAMEWORK_SEARCH_PATHS = (
					"$(SDKROOT)/Developer/Library/Frameworks",
					"$(inherited)",
					"$(DEVELOPER_FRAMEWORKS_DIR)",
					"$(PROJECT_DIR)/AzureMobilePushTests",
					"$(PROJECT_DIR)",
				);
				GCC_PRECOMPILE_PREFIX_HEADER = YES;
				GCC_PREFIX_HEADER = "AzureMobilePush/AzureMobilePush-Prefix.pch";
				INFOPLIST_FILE = "AzureMobilePushTests/AzureMobilePushTests-Info.plist";
				PRODUCT_NAME = "$(TARGET_NAME)";
				TEST_HOST = "$(BUNDLE_LOADER)";
				WRAPPER_EXTENSION = xctest;
			};
			name = Release;
		};
/* End XCBuildConfiguration section */

/* Begin XCConfigurationList section */
		AA35E0F11921BFB7000B77CD /* Build configuration list for PBXProject "AzureMobilePush" */ = {
			isa = XCConfigurationList;
			buildConfigurations = (
				AA35E1291921BFB8000B77CD /* Debug */,
				AA35E12A1921BFB8000B77CD /* Release */,
			);
			defaultConfigurationIsVisible = 0;
			defaultConfigurationName = Release;
		};
		AA35E12B1921BFB8000B77CD /* Build configuration list for PBXNativeTarget "AzureMobilePush" */ = {
			isa = XCConfigurationList;
			buildConfigurations = (
				AA35E12C1921BFB8000B77CD /* Debug */,
				AA35E12D1921BFB8000B77CD /* Release */,
			);
			defaultConfigurationIsVisible = 0;
			defaultConfigurationName = Release;
		};
		AA35E12E1921BFB8000B77CD /* Build configuration list for PBXNativeTarget "AzureMobilePushTests" */ = {
			isa = XCConfigurationList;
			buildConfigurations = (
				AA35E12F1921BFB8000B77CD /* Debug */,
				AA35E1301921BFB8000B77CD /* Release */,
			);
			defaultConfigurationIsVisible = 0;
			defaultConfigurationName = Release;
		};
/* End XCConfigurationList section */
	};
	rootObject = AA35E0EE1921BFB7000B77CD /* Project object */;
}
